// !$*UTF8*$!
{
	archiveVersion = 1;
	classes = {
	};
	objectVersion = 77;
	objects = {

/* Begin PBXBuildFile section */
		5DD220002F0D8BC30078B64B /* solonoid Shared/Direction.swift in Sources */ = {isa = PBXBuildFile; fileRef = 5DD210002F0D8BC30078B64B /* solonoid Shared/Direction.swift */; };
		5DD220012F0D8BC30078B64B /* solonoid Shared/GameScene.swift in Sources */ = {isa = PBXBuildFile; fileRef = 5DD210012F0D8BC30078B64B /* solonoid Shared/GameScene.swift */; };
		5DD220022F0D8BC30078B64B /* solonoid Shared/GameState.swift in Sources */ = {isa = PBXBuildFile; fileRef = 5DD210022F0D8BC30078B64B /* solonoid Shared/GameState.swift */; };
		5DD220032F0D8BC30078B64B /* solonoid Shared/HexCoordinate.swift in Sources */ = {isa = PBXBuildFile; fileRef = 5DD210032F0D8BC30078B64B /* solonoid Shared/HexCoordinate.swift */; };
		5DD220042F0D8BC30078B64B /* solonoid Shared/HexGrid.swift in Sources */ = {isa = PBXBuildFile; fileRef = 5DD210042F0D8BC30078B64B /* solonoid Shared/HexGrid.swift */; };
		5DD220052F0D8BC30078B64B /* solonoid Shared/HexGridNode.swift in Sources */ = {isa = PBXBuildFile; fileRef = 5DD210052F0D8BC30078B64B /* solonoid Shared/HexGridNode.swift */; };
		5DD220062F0D8BC30078B64B /* solonoid Shared/HexTileNode.swift in Sources */ = {isa = PBXBuildFile; fileRef = 5DD210062F0D8BC30078B64B /* solonoid Shared/HexTileNode.swift */; };
		5DD220072F0D8BC30078B64B /* solonoid Shared/Tile.swift in Sources */ = {isa = PBXBuildFile; fileRef = 5DD210072F0D8BC30078B64B /* solonoid Shared/Tile.swift */; };
/* End PBXBuildFile section */

/* Begin PBXFileReference section */
		5DD1202F2F0D8BC20078B64B /* solonoid.app */ = {isa = PBXFileReference; explicitFileType = wrapper.application; includeInIndex = 0; path = solonoid.app; sourceTree = BUILT_PRODUCTS_DIR; };
		5DD120402F0D8BC20078B64B /* solonoid.app */ = {isa = PBXFileReference; explicitFileType = wrapper.application; includeInIndex = 0; path = solonoid.app; sourceTree = BUILT_PRODUCTS_DIR; };
		5DD120502F0D8BC20078B64B /* solonoid.app */ = {isa = PBXFileReference; explicitFileType = wrapper.application; includeInIndex = 0; path = solonoid.app; sourceTree = BUILT_PRODUCTS_DIR; };
		5DD210002F0D8BC30078B64B /* solonoid Shared/Direction.swift */ = {isa = PBXFileReference; lastKnownFileType = sourcecode.swift; path = "solonoid Shared/Direction.swift"; sourceTree = "<group>"; };
		5DD210012F0D8BC30078B64B /* solonoid Shared/GameScene.swift */ = {isa = PBXFileReference; lastKnownFileType = sourcecode.swift; path = "solonoid Shared/GameScene.swift"; sourceTree = "<group>"; };
		5DD210022F0D8BC30078B64B /* solonoid Shared/GameState.swift */ = {isa = PBXFileReference; lastKnownFileType = sourcecode.swift; path = "solonoid Shared/GameState.swift"; sourceTree = "<group>"; };
		5DD210032F0D8BC30078B64B /* solonoid Shared/HexCoordinate.swift */ = {isa = PBXFileReference; lastKnownFileType = sourcecode.swift; path = "solonoid Shared/HexCoordinate.swift"; sourceTree = "<group>"; };
		5DD210042F0D8BC30078B64B /* solonoid Shared/HexGrid.swift */ = {isa = PBXFileReference; lastKnownFileType = sourcecode.swift; path = "solonoid Shared/HexGrid.swift"; sourceTree = "<group>"; };
		5DD210052F0D8BC30078B64B /* solonoid Shared/HexGridNode.swift */ = {isa = PBXFileReference; lastKnownFileType = sourcecode.swift; path = "solonoid Shared/HexGridNode.swift"; sourceTree = "<group>"; };
		5DD210062F0D8BC30078B64B /* solonoid Shared/HexTileNode.swift */ = {isa = PBXFileReference; lastKnownFileType = sourcecode.swift; path = "solonoid Shared/HexTileNode.swift"; sourceTree = "<group>"; };
		5DD210072F0D8BC30078B64B /* solonoid Shared/Tile.swift */ = {isa = PBXFileReference; lastKnownFileType = sourcecode.swift; path = "solonoid Shared/Tile.swift"; sourceTree = "<group>"; };
/* End PBXFileReference section */

/* Begin PBXFileSystemSynchronizedBuildFileExceptionSet section */
		5DD120652F0D8BC30078B64B /* Exceptions for "solonoid Shared" folder in "solonoid iOS" target */ = {
			isa = PBXFileSystemSynchronizedBuildFileExceptionSet;
			membershipExceptions = (
				Actions.sks,
				Assets.xcassets,
				GameScene.sks,
			);
			target = 5DD1202E2F0D8BC20078B64B /* solonoid iOS */;
		};
		5DD120692F0D8BC30078B64B /* Exceptions for "solonoid Shared" folder in "solonoid tvOS" target */ = {
			isa = PBXFileSystemSynchronizedBuildFileExceptionSet;
			membershipExceptions = (
				Actions.sks,
				Assets.xcassets,
				Direction.swift,
				GameScene.sks,
				GameScene.swift,
				GameState.swift,
				HexCoordinate.swift,
				HexGrid.swift,
				HexGridNode.swift,
				HexTileNode.swift,
				Tile.swift,
			);
			target = 5DD1203F2F0D8BC20078B64B /* solonoid tvOS */;
		};
		5DD1206D2F0D8BC30078B64B /* Exceptions for "solonoid Shared" folder in "solonoid macOS" target */ = {
			isa = PBXFileSystemSynchronizedBuildFileExceptionSet;
			membershipExceptions = (
				Actions.sks,
				Assets.xcassets,
				Direction.swift,
				GameScene.sks,
				GameScene.swift,
				GameState.swift,
				HexCoordinate.swift,
				HexGrid.swift,
				HexGridNode.swift,
				HexTileNode.swift,
				Tile.swift,
			);
			target = 5DD1204F2F0D8BC20078B64B /* solonoid macOS */;
		};
/* End PBXFileSystemSynchronizedBuildFileExceptionSet section */

/* Begin PBXFileSystemSynchronizedRootGroup section */
		5DD120262F0D8BC00078B64B /* solonoid Shared */ = {
			isa = PBXFileSystemSynchronizedRootGroup;
			exceptions = (
				5DD120652F0D8BC30078B64B /* Exceptions for "solonoid Shared" folder in "solonoid iOS" target */,
				5DD120692F0D8BC30078B64B /* Exceptions for "solonoid Shared" folder in "solonoid tvOS" target */,
				5DD1206D2F0D8BC30078B64B /* Exceptions for "solonoid Shared" folder in "solonoid macOS" target */,
			);
			path = "solonoid Shared";
			sourceTree = "<group>";
		};
		5DD120312F0D8BC20078B64B /* solonoid iOS */ = {
			isa = PBXFileSystemSynchronizedRootGroup;
			path = "solonoid iOS";
			sourceTree = "<group>";
		};
		5DD120412F0D8BC20078B64B /* solonoid tvOS */ = {
			isa = PBXFileSystemSynchronizedRootGroup;
			path = "solonoid tvOS";
			sourceTree = "<group>";
		};
		5DD120512F0D8BC20078B64B /* solonoid macOS */ = {
			isa = PBXFileSystemSynchronizedRootGroup;
			path = "solonoid macOS";
			sourceTree = "<group>";
		};
/* End PBXFileSystemSynchronizedRootGroup section */

/* Begin PBXFrameworksBuildPhase section */
		5DD1202C2F0D8BC20078B64B /* Frameworks */ = {
			isa = PBXFrameworksBuildPhase;
			buildActionMask = 2147483647;
			files = (
			);
			runOnlyForDeploymentPostprocessing = 0;
		};
		5DD1203D2F0D8BC20078B64B /* Frameworks */ = {
			isa = PBXFrameworksBuildPhase;
			buildActionMask = 2147483647;
			files = (
			);
			runOnlyForDeploymentPostprocessing = 0;
		};
		5DD1204D2F0D8BC20078B64B /* Frameworks */ = {
			isa = PBXFrameworksBuildPhase;
			buildActionMask = 2147483647;
			files = (
			);
			runOnlyForDeploymentPostprocessing = 0;
		};
/* End PBXFrameworksBuildPhase section */

/* Begin PBXGroup section */
		5DC5852D2F0F10990050AC0B /* Recovered References */ = {
			isa = PBXGroup;
			children = (
				5DD210002F0D8BC30078B64B /* solonoid Shared/Direction.swift */,
				5DD210012F0D8BC30078B64B /* solonoid Shared/GameScene.swift */,
				5DD210022F0D8BC30078B64B /* solonoid Shared/GameState.swift */,
				5DD210032F0D8BC30078B64B /* solonoid Shared/HexCoordinate.swift */,
				5DD210042F0D8BC30078B64B /* solonoid Shared/HexGrid.swift */,
				5DD210052F0D8BC30078B64B /* solonoid Shared/HexGridNode.swift */,
				5DD210062F0D8BC30078B64B /* solonoid Shared/HexTileNode.swift */,
				5DD210072F0D8BC30078B64B /* solonoid Shared/Tile.swift */,
			);
			name = "Recovered References";
			sourceTree = "<group>";
		};
		5DD120212F0D8BC00078B64B = {
			isa = PBXGroup;
			children = (
				5DD120262F0D8BC00078B64B /* solonoid Shared */,
				5DD120312F0D8BC20078B64B /* solonoid iOS */,
				5DD120412F0D8BC20078B64B /* solonoid tvOS */,
				5DD120512F0D8BC20078B64B /* solonoid macOS */,
				5DD120302F0D8BC20078B64B /* Products */,
				5DC5852D2F0F10990050AC0B /* Recovered References */,
			);
			sourceTree = "<group>";
		};
		5DD120302F0D8BC20078B64B /* Products */ = {
			isa = PBXGroup;
			children = (
				5DD1202F2F0D8BC20078B64B /* solonoid.app */,
				5DD120402F0D8BC20078B64B /* solonoid.app */,
				5DD120502F0D8BC20078B64B /* solonoid.app */,
			);
			name = Products;
			sourceTree = "<group>";
		};
/* End PBXGroup section */

/* Begin PBXNativeTarget section */
		5DD1202E2F0D8BC20078B64B /* solonoid iOS */ = {
			isa = PBXNativeTarget;
			buildConfigurationList = 5DD120662F0D8BC30078B64B /* Build configuration list for PBXNativeTarget "solonoid iOS" */;
			buildPhases = (
				5DD1202B2F0D8BC20078B64B /* Sources */,
				5DD1202C2F0D8BC20078B64B /* Frameworks */,
				5DD1202D2F0D8BC20078B64B /* Resources */,
			);
			buildRules = (
			);
			dependencies = (
			);
			fileSystemSynchronizedGroups = (
				5DD120312F0D8BC20078B64B /* solonoid iOS */,
			);
			name = "solonoid iOS";
			packageProductDependencies = (
			);
			productName = "solonoid iOS";
			productReference = 5DD1202F2F0D8BC20078B64B /* solonoid.app */;
			productType = "com.apple.product-type.application";
		};
		5DD1203F2F0D8BC20078B64B /* solonoid tvOS */ = {
			isa = PBXNativeTarget;
			buildConfigurationList = 5DD1206A2F0D8BC30078B64B /* Build configuration list for PBXNativeTarget "solonoid tvOS" */;
			buildPhases = (
				5DD1203C2F0D8BC20078B64B /* Sources */,
				5DD1203D2F0D8BC20078B64B /* Frameworks */,
				5DD1203E2F0D8BC20078B64B /* Resources */,
			);
			buildRules = (
			);
			dependencies = (
			);
			fileSystemSynchronizedGroups = (
				5DD120412F0D8BC20078B64B /* solonoid tvOS */,
			);
			name = "solonoid tvOS";
			packageProductDependencies = (
			);
			productName = "solonoid tvOS";
			productReference = 5DD120402F0D8BC20078B64B /* solonoid.app */;
			productType = "com.apple.product-type.application";
		};
		5DD1204F2F0D8BC20078B64B /* solonoid macOS */ = {
			isa = PBXNativeTarget;
			buildConfigurationList = 5DD1206E2F0D8BC30078B64B /* Build configuration list for PBXNativeTarget "solonoid macOS" */;
			buildPhases = (
				5DD1204C2F0D8BC20078B64B /* Sources */,
				5DD1204D2F0D8BC20078B64B /* Frameworks */,
				5DD1204E2F0D8BC20078B64B /* Resources */,
			);
			buildRules = (
			);
			dependencies = (
			);
			fileSystemSynchronizedGroups = (
				5DD120512F0D8BC20078B64B /* solonoid macOS */,
			);
			name = "solonoid macOS";
			packageProductDependencies = (
			);
			productName = "solonoid macOS";
			productReference = 5DD120502F0D8BC20078B64B /* solonoid.app */;
			productType = "com.apple.product-type.application";
		};
/* End PBXNativeTarget section */

/* Begin PBXProject section */
		5DD120222F0D8BC00078B64B /* Project object */ = {
			isa = PBXProject;
			attributes = {
				BuildIndependentTargetsInParallel = 1;
				LastSwiftUpdateCheck = 2620;
				LastUpgradeCheck = 2620;
				TargetAttributes = {
					5DD1202E2F0D8BC20078B64B = {
						CreatedOnToolsVersion = 26.2;
					};
					5DD1203F2F0D8BC20078B64B = {
						CreatedOnToolsVersion = 26.2;
					};
					5DD1204F2F0D8BC20078B64B = {
						CreatedOnToolsVersion = 26.2;
					};
				};
			};
			buildConfigurationList = 5DD120252F0D8BC00078B64B /* Build configuration list for PBXProject "solonoid" */;
			developmentRegion = en;
			hasScannedForEncodings = 0;
			knownRegions = (
				en,
				Base,
			);
			mainGroup = 5DD120212F0D8BC00078B64B;
			minimizedProjectReferenceProxies = 1;
			preferredProjectObjectVersion = 77;
			productRefGroup = 5DD120302F0D8BC20078B64B /* Products */;
			projectDirPath = "";
			projectRoot = "";
			targets = (
				5DD1202E2F0D8BC20078B64B /* solonoid iOS */,
				5DD1203F2F0D8BC20078B64B /* solonoid tvOS */,
				5DD1204F2F0D8BC20078B64B /* solonoid macOS */,
			);
		};
/* End PBXProject section */

/* Begin PBXResourcesBuildPhase section */
		5DD1202D2F0D8BC20078B64B /* Resources */ = {
			isa = PBXResourcesBuildPhase;
			buildActionMask = 2147483647;
			files = (
			);
			runOnlyForDeploymentPostprocessing = 0;
		};
		5DD1203E2F0D8BC20078B64B /* Resources */ = {
			isa = PBXResourcesBuildPhase;
			buildActionMask = 2147483647;
			files = (
			);
			runOnlyForDeploymentPostprocessing = 0;
		};
		5DD1204E2F0D8BC20078B64B /* Resources */ = {
			isa = PBXResourcesBuildPhase;
			buildActionMask = 2147483647;
			files = (
			);
			runOnlyForDeploymentPostprocessing = 0;
		};
/* End PBXResourcesBuildPhase section */

/* Begin PBXSourcesBuildPhase section */
		5DD1202B2F0D8BC20078B64B /* Sources */ = {
			isa = PBXSourcesBuildPhase;
			buildActionMask = 2147483647;
			files = (
				5DD220002F0D8BC30078B64B /* solonoid Shared/Direction.swift in Sources */,
				5DD220012F0D8BC30078B64B /* solonoid Shared/GameScene.swift in Sources */,
				5DD220022F0D8BC30078B64B /* solonoid Shared/GameState.swift in Sources */,
				5DD220032F0D8BC30078B64B /* solonoid Shared/HexCoordinate.swift in Sources */,
				5DD220042F0D8BC30078B64B /* solonoid Shared/HexGrid.swift in Sources */,
				5DD220052F0D8BC30078B64B /* solonoid Shared/HexGridNode.swift in Sources */,
				5DD220062F0D8BC30078B64B /* solonoid Shared/HexTileNode.swift in Sources */,
				5DD220072F0D8BC30078B64B /* solonoid Shared/Tile.swift in Sources */,
			);
			runOnlyForDeploymentPostprocessing = 0;
		};
		5DD1203C2F0D8BC20078B64B /* Sources */ = {
			isa = PBXSourcesBuildPhase;
			buildActionMask = 2147483647;
			files = (
			);
			runOnlyForDeploymentPostprocessing = 0;
		};
		5DD1204C2F0D8BC20078B64B /* Sources */ = {
			isa = PBXSourcesBuildPhase;
			buildActionMask = 2147483647;
			files = (
			);
			runOnlyForDeploymentPostprocessing = 0;
		};
/* End PBXSourcesBuildPhase section */

/* Begin XCBuildConfiguration section */
		5DD120672F0D8BC30078B64B /* Debug */ = {
			isa = XCBuildConfiguration;
			buildSettings = {
				ASSETCATALOG_COMPILER_APPICON_NAME = AppIcon;
				ASSETCATALOG_COMPILER_GLOBAL_ACCENT_COLOR_NAME = AccentColor;
				CODE_SIGN_STYLE = Automatic;
				CURRENT_PROJECT_VERSION = 1;
				GENERATE_INFOPLIST_FILE = YES;
				INFOPLIST_KEY_LSApplicationCategoryType = "public.app-category.puzzle-games";
				INFOPLIST_KEY_UIApplicationSupportsIndirectInputEvents = YES;
				INFOPLIST_KEY_UILaunchStoryboardName = LaunchScreen;
				INFOPLIST_KEY_UIMainStoryboardFile = Main;
				INFOPLIST_KEY_UIStatusBarHidden = YES;
				INFOPLIST_KEY_UISupportedInterfaceOrientations_iPad = "UIInterfaceOrientationPortrait UIInterfaceOrientationPortraitUpsideDown UIInterfaceOrientationLandscapeLeft UIInterfaceOrientationLandscapeRight";
				INFOPLIST_KEY_UISupportedInterfaceOrientations_iPhone = "UIInterfaceOrientationPortrait UIInterfaceOrientationLandscapeLeft UIInterfaceOrientationLandscapeRight";
				IPHONEOS_DEPLOYMENT_TARGET = 26.2;
				LD_RUNPATH_SEARCH_PATHS = (
					"$(inherited)",
					"@executable_path/Frameworks",
				);
				MARKETING_VERSION = 1.0;
				PRODUCT_BUNDLE_IDENTIFIER = os.solonoid;
				PRODUCT_NAME = solonoid;
				SDKROOT = iphoneos;
				STRING_CATALOG_GENERATE_SYMBOLS = YES;
				SWIFT_APPROACHABLE_CONCURRENCY = YES;
				SWIFT_DEFAULT_ACTOR_ISOLATION = MainActor;
				SWIFT_EMIT_LOC_STRINGS = YES;
				SWIFT_UPCOMING_FEATURE_MEMBER_IMPORT_VISIBILITY = YES;
				SWIFT_VERSION = 5.0;
				TARGETED_DEVICE_FAMILY = "1,2";
			};
			name = Debug;
		};
		5DD120682F0D8BC30078B64B /* Release */ = {
			isa = XCBuildConfiguration;
			buildSettings = {
				ASSETCATALOG_COMPILER_APPICON_NAME = AppIcon;
				ASSETCATALOG_COMPILER_GLOBAL_ACCENT_COLOR_NAME = AccentColor;
				CODE_SIGN_STYLE = Automatic;
				CURRENT_PROJECT_VERSION = 1;
				GENERATE_INFOPLIST_FILE = YES;
				INFOPLIST_KEY_LSApplicationCategoryType = "public.app-category.puzzle-games";
				INFOPLIST_KEY_UIApplicationSupportsIndirectInputEvents = YES;
				INFOPLIST_KEY_UILaunchStoryboardName = LaunchScreen;
				INFOPLIST_KEY_UIMainStoryboardFile = Main;
				INFOPLIST_KEY_UIStatusBarHidden = YES;
				INFOPLIST_KEY_UISupportedInterfaceOrientations_iPad = "UIInterfaceOrientationPortrait UIInterfaceOrientationPortraitUpsideDown UIInterfaceOrientationLandscapeLeft UIInterfaceOrientationLandscapeRight";
				INFOPLIST_KEY_UISupportedInterfaceOrientations_iPhone = "UIInterfaceOrientationPortrait UIInterfaceOrientationLandscapeLeft UIInterfaceOrientationLandscapeRight";
				IPHONEOS_DEPLOYMENT_TARGET = 26.2;
				LD_RUNPATH_SEARCH_PATHS = (
					"$(inherited)",
					"@executable_path/Frameworks",
				);
				MARKETING_VERSION = 1.0;
				PRODUCT_BUNDLE_IDENTIFIER = os.solonoid;
				PRODUCT_NAME = solonoid;
				SDKROOT = iphoneos;
				STRING_CATALOG_GENERATE_SYMBOLS = YES;
				SWIFT_APPROACHABLE_CONCURRENCY = YES;
				SWIFT_DEFAULT_ACTOR_ISOLATION = MainActor;
				SWIFT_EMIT_LOC_STRINGS = YES;
				SWIFT_UPCOMING_FEATURE_MEMBER_IMPORT_VISIBILITY = YES;
				SWIFT_VERSION = 5.0;
				TARGETED_DEVICE_FAMILY = "1,2";
				VALIDATE_PRODUCT = YES;
			};
			name = Release;
		};
		5DD1206B2F0D8BC30078B64B /* Debug */ = {
			isa = XCBuildConfiguration;
			buildSettings = {
				ASSETCATALOG_COMPILER_APPICON_NAME = "tvOS App Icon & Top Shelf Image";
				ASSETCATALOG_COMPILER_GLOBAL_ACCENT_COLOR_NAME = AccentColor;
				CODE_SIGN_STYLE = Automatic;
				CURRENT_PROJECT_VERSION = 1;
				GENERATE_INFOPLIST_FILE = YES;
				INFOPLIST_KEY_UILaunchStoryboardName = LaunchScreen;
				INFOPLIST_KEY_UIMainStoryboardFile = Main;
				INFOPLIST_KEY_UIUserInterfaceStyle = Automatic;
				LD_RUNPATH_SEARCH_PATHS = (
					"$(inherited)",
					"@executable_path/Frameworks",
				);
				MARKETING_VERSION = 1.0;
				PRODUCT_BUNDLE_IDENTIFIER = os.solonoid;
				PRODUCT_NAME = solonoid;
				SDKROOT = appletvos;
				STRING_CATALOG_GENERATE_SYMBOLS = YES;
				SWIFT_APPROACHABLE_CONCURRENCY = YES;
				SWIFT_DEFAULT_ACTOR_ISOLATION = MainActor;
				SWIFT_EMIT_LOC_STRINGS = YES;
				SWIFT_UPCOMING_FEATURE_MEMBER_IMPORT_VISIBILITY = YES;
				SWIFT_VERSION = 5.0;
				TARGETED_DEVICE_FAMILY = 3;
				TVOS_DEPLOYMENT_TARGET = 26.2;
			};
			name = Debug;
		};
		5DD1206C2F0D8BC30078B64B /* Release */ = {
			isa = XCBuildConfiguration;
			buildSettings = {
				ASSETCATALOG_COMPILER_APPICON_NAME = "tvOS App Icon & Top Shelf Image";
				ASSETCATALOG_COMPILER_GLOBAL_ACCENT_COLOR_NAME = AccentColor;
				CODE_SIGN_STYLE = Automatic;
				CURRENT_PROJECT_VERSION = 1;
				GENERATE_INFOPLIST_FILE = YES;
				INFOPLIST_KEY_UILaunchStoryboardName = LaunchScreen;
				INFOPLIST_KEY_UIMainStoryboardFile = Main;
				INFOPLIST_KEY_UIUserInterfaceStyle = Automatic;
				LD_RUNPATH_SEARCH_PATHS = (
					"$(inherited)",
					"@executable_path/Frameworks",
				);
				MARKETING_VERSION = 1.0;
				PRODUCT_BUNDLE_IDENTIFIER = os.solonoid;
				PRODUCT_NAME = solonoid;
				SDKROOT = appletvos;
				STRING_CATALOG_GENERATE_SYMBOLS = YES;
				SWIFT_APPROACHABLE_CONCURRENCY = YES;
				SWIFT_DEFAULT_ACTOR_ISOLATION = MainActor;
				SWIFT_EMIT_LOC_STRINGS = YES;
				SWIFT_UPCOMING_FEATURE_MEMBER_IMPORT_VISIBILITY = YES;
				SWIFT_VERSION = 5.0;
				TARGETED_DEVICE_FAMILY = 3;
				TVOS_DEPLOYMENT_TARGET = 26.2;
				VALIDATE_PRODUCT = YES;
			};
			name = Release;
		};
		5DD1206F2F0D8BC30078B64B /* Debug */ = {
			isa = XCBuildConfiguration;
			buildSettings = {
				ASSETCATALOG_COMPILER_APPICON_NAME = AppIcon;
				ASSETCATALOG_COMPILER_GLOBAL_ACCENT_COLOR_NAME = AccentColor;
				CODE_SIGN_STYLE = Automatic;
				COMBINE_HIDPI_IMAGES = YES;
				CURRENT_PROJECT_VERSION = 1;
				ENABLE_APP_SANDBOX = YES;
				ENABLE_USER_SELECTED_FILES = readonly;
				GENERATE_INFOPLIST_FILE = YES;
				INFOPLIST_KEY_NSHumanReadableCopyright = "";
				INFOPLIST_KEY_NSMainStoryboardFile = Main;
				INFOPLIST_KEY_NSPrincipalClass = NSApplication;
				LD_RUNPATH_SEARCH_PATHS = (
					"$(inherited)",
					"@executable_path/../Frameworks",
				);
				MACOSX_DEPLOYMENT_TARGET = 26.1;
				MARKETING_VERSION = 1.0;
				PRODUCT_BUNDLE_IDENTIFIER = os.solonoid;
				PRODUCT_NAME = solonoid;
				REGISTER_APP_GROUPS = YES;
				SDKROOT = macosx;
				STRING_CATALOG_GENERATE_SYMBOLS = YES;
				SWIFT_APPROACHABLE_CONCURRENCY = YES;
				SWIFT_DEFAULT_ACTOR_ISOLATION = MainActor;
				SWIFT_EMIT_LOC_STRINGS = YES;
				SWIFT_UPCOMING_FEATURE_MEMBER_IMPORT_VISIBILITY = YES;
				SWIFT_VERSION = 5.0;
			};
			name = Debug;
		};
		5DD120702F0D8BC30078B64B /* Release */ = {
			isa = XCBuildConfiguration;
			buildSettings = {
				ASSETCATALOG_COMPILER_APPICON_NAME = AppIcon;
				ASSETCATALOG_COMPILER_GLOBAL_ACCENT_COLOR_NAME = AccentColor;
				CODE_SIGN_STYLE = Automatic;
				COMBINE_HIDPI_IMAGES = YES;
				CURRENT_PROJECT_VERSION = 1;
				ENABLE_APP_SANDBOX = YES;
				ENABLE_USER_SELECTED_FILES = readonly;
				GENERATE_INFOPLIST_FILE = YES;
				INFOPLIST_KEY_NSHumanReadableCopyright = "";
				INFOPLIST_KEY_NSMainStoryboardFile = Main;
				INFOPLIST_KEY_NSPrincipalClass = NSApplication;
				LD_RUNPATH_SEARCH_PATHS = (
					"$(inherited)",
					"@executable_path/../Frameworks",
				);
				MACOSX_DEPLOYMENT_TARGET = 26.1;
				MARKETING_VERSION = 1.0;
				PRODUCT_BUNDLE_IDENTIFIER = os.solonoid;
				PRODUCT_NAME = solonoid;
				REGISTER_APP_GROUPS = YES;
				SDKROOT = macosx;
				STRING_CATALOG_GENERATE_SYMBOLS = YES;
				SWIFT_APPROACHABLE_CONCURRENCY = YES;
				SWIFT_DEFAULT_ACTOR_ISOLATION = MainActor;
				SWIFT_EMIT_LOC_STRINGS = YES;
				SWIFT_UPCOMING_FEATURE_MEMBER_IMPORT_VISIBILITY = YES;
				SWIFT_VERSION = 5.0;
			};
			name = Release;
		};
		5DD120712F0D8BC30078B64B /* Debug */ = {
			isa = XCBuildConfiguration;
			buildSettings = {
				ALWAYS_SEARCH_USER_PATHS = NO;
				ASSETCATALOG_COMPILER_GENERATE_SWIFT_ASSET_SYMBOL_EXTENSIONS = YES;
				CLANG_ANALYZER_NONNULL = YES;
				CLANG_ANALYZER_NUMBER_OBJECT_CONVERSION = YES_AGGRESSIVE;
				CLANG_CXX_LANGUAGE_STANDARD = "gnu++20";
				CLANG_ENABLE_MODULES = YES;
				CLANG_ENABLE_OBJC_ARC = YES;
				CLANG_ENABLE_OBJC_WEAK = YES;
				CLANG_WARN_BLOCK_CAPTURE_AUTORELEASING = YES;
				CLANG_WARN_BOOL_CONVERSION = YES;
				CLANG_WARN_COMMA = YES;
				CLANG_WARN_CONSTANT_CONVERSION = YES;
				CLANG_WARN_DEPRECATED_OBJC_IMPLEMENTATIONS = YES;
				CLANG_WARN_DIRECT_OBJC_ISA_USAGE = YES_ERROR;
				CLANG_WARN_DOCUMENTATION_COMMENTS = YES;
				CLANG_WARN_EMPTY_BODY = YES;
				CLANG_WARN_ENUM_CONVERSION = YES;
				CLANG_WARN_INFINITE_RECURSION = YES;
				CLANG_WARN_INT_CONVERSION = YES;
				CLANG_WARN_NON_LITERAL_NULL_CONVERSION = YES;
				CLANG_WARN_OBJC_IMPLICIT_RETAIN_SELF = YES;
				CLANG_WARN_OBJC_LITERAL_CONVERSION = YES;
				CLANG_WARN_OBJC_ROOT_CLASS = YES_ERROR;
				CLANG_WARN_QUOTED_INCLUDE_IN_FRAMEWORK_HEADER = YES;
				CLANG_WARN_RANGE_LOOP_ANALYSIS = YES;
				CLANG_WARN_STRICT_PROTOTYPES = YES;
				CLANG_WARN_SUSPICIOUS_MOVE = YES;
				CLANG_WARN_UNGUARDED_AVAILABILITY = YES_AGGRESSIVE;
				CLANG_WARN_UNREACHABLE_CODE = YES;
				CLANG_WARN__DUPLICATE_METHOD_MATCH = YES;
				COPY_PHASE_STRIP = NO;
				DEBUG_INFORMATION_FORMAT = dwarf;
				ENABLE_STRICT_OBJC_MSGSEND = YES;
				ENABLE_TESTABILITY = YES;
				ENABLE_USER_SCRIPT_SANDBOXING = YES;
				GCC_C_LANGUAGE_STANDARD = gnu17;
				GCC_DYNAMIC_NO_PIC = NO;
				GCC_NO_COMMON_BLOCKS = YES;
				GCC_OPTIMIZATION_LEVEL = 0;
				GCC_PREPROCESSOR_DEFINITIONS = (
					"DEBUG=1",
					"$(inherited)",
				);
				GCC_WARN_64_TO_32_BIT_CONVERSION = YES;
				GCC_WARN_ABOUT_RETURN_TYPE = YES_ERROR;
				GCC_WARN_UNDECLARED_SELECTOR = YES;
				GCC_WARN_UNINITIALIZED_AUTOS = YES_AGGRESSIVE;
				GCC_WARN_UNUSED_FUNCTION = YES;
				GCC_WARN_UNUSED_VARIABLE = YES;
				LOCALIZATION_PREFERS_STRING_CATALOGS = YES;
				MTL_ENABLE_DEBUG_INFO = INCLUDE_SOURCE;
				MTL_FAST_MATH = YES;
				ONLY_ACTIVE_ARCH = YES;
				SWIFT_ACTIVE_COMPILATION_CONDITIONS = "DEBUG $(inherited)";
				SWIFT_OPTIMIZATION_LEVEL = "-Onone";
			};
			name = Debug;
		};
		5DD120722F0D8BC30078B64B /* Release */ = {
			isa = XCBuildConfiguration;
			buildSettings = {
				ALWAYS_SEARCH_USER_PATHS = NO;
				ASSETCATALOG_COMPILER_GENERATE_SWIFT_ASSET_SYMBOL_EXTENSIONS = YES;
				CLANG_ANALYZER_NONNULL = YES;
				CLANG_ANALYZER_NUMBER_OBJECT_CONVERSION = YES_AGGRESSIVE;
				CLANG_CXX_LANGUAGE_STANDARD = "gnu++20";
				CLANG_ENABLE_MODULES = YES;
				CLANG_ENABLE_OBJC_ARC = YES;
				CLANG_ENABLE_OBJC_WEAK = YES;
				CLANG_WARN_BLOCK_CAPTURE_AUTORELEASING = YES;
				CLANG_WARN_BOOL_CONVERSION = YES;
				CLANG_WARN_COMMA = YES;
				CLANG_WARN_CONSTANT_CONVERSION = YES;
				CLANG_WARN_DEPRECATED_OBJC_IMPLEMENTATIONS = YES;
				CLANG_WARN_DIRECT_OBJC_ISA_USAGE = YES_ERROR;
				CLANG_WARN_DOCUMENTATION_COMMENTS = YES;
				CLANG_WARN_EMPTY_BODY = YES;
				CLANG_WARN_ENUM_CONVERSION = YES;
				CLANG_WARN_INFINITE_RECURSION = YES;
				CLANG_WARN_INT_CONVERSION = YES;
				CLANG_WARN_NON_LITERAL_NULL_CONVERSION = YES;
				CLANG_WARN_OBJC_IMPLICIT_RETAIN_SELF = YES;
				CLANG_WARN_OBJC_LITERAL_CONVERSION = YES;
				CLANG_WARN_OBJC_ROOT_CLASS = YES_ERROR;
				CLANG_WARN_QUOTED_INCLUDE_IN_FRAMEWORK_HEADER = YES;
				CLANG_WARN_RANGE_LOOP_ANALYSIS = YES;
				CLANG_WARN_STRICT_PROTOTYPES = YES;
				CLANG_WARN_SUSPICIOUS_MOVE = YES;
				CLANG_WARN_UNGUARDED_AVAILABILITY = YES_AGGRESSIVE;
				CLANG_WARN_UNREACHABLE_CODE = YES;
				CLANG_WARN__DUPLICATE_METHOD_MATCH = YES;
				COPY_PHASE_STRIP = NO;
				DEBUG_INFORMATION_FORMAT = "dwarf-with-dsym";
				ENABLE_NS_ASSERTIONS = NO;
				ENABLE_STRICT_OBJC_MSGSEND = YES;
				ENABLE_USER_SCRIPT_SANDBOXING = YES;
				GCC_C_LANGUAGE_STANDARD = gnu17;
				GCC_NO_COMMON_BLOCKS = YES;
				GCC_WARN_64_TO_32_BIT_CONVERSION = YES;
				GCC_WARN_ABOUT_RETURN_TYPE = YES_ERROR;
				GCC_WARN_UNDECLARED_SELECTOR = YES;
				GCC_WARN_UNINITIALIZED_AUTOS = YES_AGGRESSIVE;
				GCC_WARN_UNUSED_FUNCTION = YES;
				GCC_WARN_UNUSED_VARIABLE = YES;
				LOCALIZATION_PREFERS_STRING_CATALOGS = YES;
				MTL_ENABLE_DEBUG_INFO = NO;
				MTL_FAST_MATH = YES;
				SWIFT_COMPILATION_MODE = wholemodule;
			};
			name = Release;
		};
/* End XCBuildConfiguration section */

/* Begin XCConfigurationList section */
		5DD120252F0D8BC00078B64B /* Build configuration list for PBXProject "solonoid" */ = {
			isa = XCConfigurationList;
			buildConfigurations = (
				5DD120712F0D8BC30078B64B /* Debug */,
				5DD120722F0D8BC30078B64B /* Release */,
			);
			defaultConfigurationIsVisible = 0;
			defaultConfigurationName = Release;
		};
		5DD120662F0D8BC30078B64B /* Build configuration list for PBXNativeTarget "solonoid iOS" */ = {
			isa = XCConfigurationList;
			buildConfigurations = (
				5DD120672F0D8BC30078B64B /* Debug */,
				5DD120682F0D8BC30078B64B /* Release */,
			);
			defaultConfigurationIsVisible = 0;
			defaultConfigurationName = Release;
		};
		5DD1206A2F0D8BC30078B64B /* Build configuration list for PBXNativeTarget "solonoid tvOS" */ = {
			isa = XCConfigurationList;
			buildConfigurations = (
				5DD1206B2F0D8BC30078B64B /* Debug */,
				5DD1206C2F0D8BC30078B64B /* Release */,
			);
			defaultConfigurationIsVisible = 0;
			defaultConfigurationName = Release;
		};
		5DD1206E2F0D8BC30078B64B /* Build configuration list for PBXNativeTarget "solonoid macOS" */ = {
			isa = XCConfigurationList;
			buildConfigurations = (
				5DD1206F2F0D8BC30078B64B /* Debug */,
				5DD120702F0D8BC30078B64B /* Release */,
			);
			defaultConfigurationIsVisible = 0;
			defaultConfigurationName = Release;
		};
/* End XCConfigurationList section */
	};
	rootObject = 5DD120222F0D8BC00078B64B /* Project object */;
}
